// !$*UTF8*$!
{
	archiveVersion = 1;
	classes = {
	};
	objectVersion = 56;
	objects = {

/* Begin PBXBuildFile section */
		3F6B26B52925EE6800B9FA5E /* EmojiArtApp.swift in Sources */ = {isa = PBXBuildFile; fileRef = 3F6B26B42925EE6800B9FA5E /* EmojiArtApp.swift */; };
		3F6B26B72925EE6800B9FA5E /* ContentView.swift in Sources */ = {isa = PBXBuildFile; fileRef = 3F6B26B62925EE6800B9FA5E /* ContentView.swift */; };
		3F6B26B92925EE6A00B9FA5E /* Assets.xcassets in Resources */ = {isa = PBXBuildFile; fileRef = 3F6B26B82925EE6A00B9FA5E /* Assets.xcassets */; };
		3F6B26BC2925EE6A00B9FA5E /* Preview Assets.xcassets in Resources */ = {isa = PBXBuildFile; fileRef = 3F6B26BB2925EE6A00B9FA5E /* Preview Assets.xcassets */; };
		3F6B26C62925EE6A00B9FA5E /* EmojiArtTests.swift in Sources */ = {isa = PBXBuildFile; fileRef = 3F6B26C52925EE6A00B9FA5E /* EmojiArtTests.swift */; };
		3F6B26D02925EE6A00B9FA5E /* EmojiArtUITests.swift in Sources */ = {isa = PBXBuildFile; fileRef = 3F6B26CF2925EE6A00B9FA5E /* EmojiArtUITests.swift */; };
		3F6B26D22925EE6A00B9FA5E /* EmojiArtUITestsLaunchTests.swift in Sources */ = {isa = PBXBuildFile; fileRef = 3F6B26D12925EE6A00B9FA5E /* EmojiArtUITestsLaunchTests.swift */; };
		3FDA27BE292B680500F28A4A /* Ex.swift in Sources */ = {isa = PBXBuildFile; fileRef = 3FDA27BD292B680500F28A4A /* Ex.swift */; };
		3FDA27C0292B819A00F28A4A /* Model.swift in Sources */ = {isa = PBXBuildFile; fileRef = 3FDA27BF292B819A00F28A4A /* Model.swift */; };
		3FDA27C2292B8C3000F28A4A /* ViewModel.swift in Sources */ = {isa = PBXBuildFile; fileRef = 3FDA27C1292B8C3000F28A4A /* ViewModel.swift */; };
/* End PBXBuildFile section */

/* Begin PBXContainerItemProxy section */
		3F6B26C22925EE6A00B9FA5E /* PBXContainerItemProxy */ = {
			isa = PBXContainerItemProxy;
			containerPortal = 3F6B26A92925EE6800B9FA5E /* Project object */;
			proxyType = 1;
			remoteGlobalIDString = 3F6B26B02925EE6800B9FA5E;
			remoteInfo = EmojiArt;
		};
		3F6B26CC2925EE6A00B9FA5E /* PBXContainerItemProxy */ = {
			isa = PBXContainerItemProxy;
			containerPortal = 3F6B26A92925EE6800B9FA5E /* Project object */;
			proxyType = 1;
			remoteGlobalIDString = 3F6B26B02925EE6800B9FA5E;
			remoteInfo = EmojiArt;
		};
/* End PBXContainerItemProxy section */

/* Begin PBXFileReference section */
		3F6B26B12925EE6800B9FA5E /* EmojiArt.app */ = {isa = PBXFileReference; explicitFileType = wrapper.application; includeInIndex = 0; path = EmojiArt.app; sourceTree = BUILT_PRODUCTS_DIR; };
		3F6B26B42925EE6800B9FA5E /* EmojiArtApp.swift */ = {isa = PBXFileReference; lastKnownFileType = sourcecode.swift; path = EmojiArtApp.swift; sourceTree = "<group>"; };
		3F6B26B62925EE6800B9FA5E /* ContentView.swift */ = {isa = PBXFileReference; lastKnownFileType = sourcecode.swift; path = ContentView.swift; sourceTree = "<group>"; };
		3F6B26B82925EE6A00B9FA5E /* Assets.xcassets */ = {isa = PBXFileReference; lastKnownFileType = folder.assetcatalog; path = Assets.xcassets; sourceTree = "<group>"; };
		3F6B26BB2925EE6A00B9FA5E /* Preview Assets.xcassets */ = {isa = PBXFileReference; lastKnownFileType = folder.assetcatalog; path = "Preview Assets.xcassets"; sourceTree = "<group>"; };
		3F6B26C12925EE6A00B9FA5E /* EmojiArtTests.xctest */ = {isa = PBXFileReference; explicitFileType = wrapper.cfbundle; includeInIndex = 0; path = EmojiArtTests.xctest; sourceTree = BUILT_PRODUCTS_DIR; };
		3F6B26C52925EE6A00B9FA5E /* EmojiArtTests.swift */ = {isa = PBXFileReference; lastKnownFileType = sourcecode.swift; path = EmojiArtTests.swift; sourceTree = "<group>"; };
		3F6B26CB2925EE6A00B9FA5E /* EmojiArtUITests.xctest */ = {isa = PBXFileReference; explicitFileType = wrapper.cfbundle; includeInIndex = 0; path = EmojiArtUITests.xctest; sourceTree = BUILT_PRODUCTS_DIR; };
		3F6B26CF2925EE6A00B9FA5E /* EmojiArtUITests.swift */ = {isa = PBXFileReference; lastKnownFileType = sourcecode.swift; path = EmojiArtUITests.swift; sourceTree = "<group>"; };
		3F6B26D12925EE6A00B9FA5E /* EmojiArtUITestsLaunchTests.swift */ = {isa = PBXFileReference; lastKnownFileType = sourcecode.swift; path = EmojiArtUITestsLaunchTests.swift; sourceTree = "<group>"; };
		3FDA27BD292B680500F28A4A /* Ex.swift */ = {isa = PBXFileReference; lastKnownFileType = sourcecode.swift; path = Ex.swift; sourceTree = "<group>"; };
		3FDA27BF292B819A00F28A4A /* Model.swift */ = {isa = PBXFileReference; lastKnownFileType = sourcecode.swift; path = Model.swift; sourceTree = "<group>"; };
		3FDA27C1292B8C3000F28A4A /* ViewModel.swift */ = {isa = PBXFileReference; lastKnownFileType = sourcecode.swift; path = ViewModel.swift; sourceTree = "<group>"; };
/* End PBXFileReference section */

/* Begin PBXFrameworksBuildPhase section */
		3F6B26AE2925EE6800B9FA5E /* Frameworks */ = {
			isa = PBXFrameworksBuildPhase;
			buildActionMask = 2147483647;
			files = (
			);
			runOnlyForDeploymentPostprocessing = 0;
		};
		3F6B26BE2925EE6A00B9FA5E /* Frameworks */ = {
			isa = PBXFrameworksBuildPhase;
			buildActionMask = 2147483647;
			files = (
			);
			runOnlyForDeploymentPostprocessing = 0;
		};
		3F6B26C82925EE6A00B9FA5E /* Frameworks */ = {
			isa = PBXFrameworksBuildPhase;
			buildActionMask = 2147483647;
			files = (
			);
			runOnlyForDeploymentPostprocessing = 0;
		};
/* End PBXFrameworksBuildPhase section */

/* Begin PBXGroup section */
		3F6B26A82925EE6800B9FA5E = {
			isa = PBXGroup;
			children = (
				3F6B26B32925EE6800B9FA5E /* EmojiArt */,
				3F6B26C42925EE6A00B9FA5E /* EmojiArtTests */,
				3F6B26CE2925EE6A00B9FA5E /* EmojiArtUITests */,
				3F6B26B22925EE6800B9FA5E /* Products */,
			);
			sourceTree = "<group>";
		};
		3F6B26B22925EE6800B9FA5E /* Products */ = {
			isa = PBXGroup;
			children = (
				3F6B26B12925EE6800B9FA5E /* EmojiArt.app */,
				3F6B26C12925EE6A00B9FA5E /* EmojiArtTests.xctest */,
				3F6B26CB2925EE6A00B9FA5E /* EmojiArtUITests.xctest */,
			);
			name = Products;
			sourceTree = "<group>";
		};
		3F6B26B32925EE6800B9FA5E /* EmojiArt */ = {
			isa = PBXGroup;
			children = (
				3F6B26B42925EE6800B9FA5E /* EmojiArtApp.swift */,
				3F6B26B62925EE6800B9FA5E /* ContentView.swift */,
				3F6B26B82925EE6A00B9FA5E /* Assets.xcassets */,
				3F6B26BA2925EE6A00B9FA5E /* Preview Content */,
				3FDA27BD292B680500F28A4A /* Ex.swift */,
				3FDA27BF292B819A00F28A4A /* Model.swift */,
				3FDA27C1292B8C3000F28A4A /* ViewModel.swift */,
			);
			path = EmojiArt;
			sourceTree = "<group>";
		};
		3F6B26BA2925EE6A00B9FA5E /* Preview Content */ = {
			isa = PBXGroup;
			children = (
				3F6B26BB2925EE6A00B9FA5E /* Preview Assets.xcassets */,
			);
			path = "Preview Content";
			sourceTree = "<group>";
		};
		3F6B26C42925EE6A00B9FA5E /* EmojiArtTests */ = {
			isa = PBXGroup;
			children = (
				3F6B26C52925EE6A00B9FA5E /* EmojiArtTests.swift */,
			);
			path = EmojiArtTests;
			sourceTree = "<group>";
		};
		3F6B26CE2925EE6A00B9FA5E /* EmojiArtUITests */ = {
			isa = PBXGroup;
			children = (
				3F6B26CF2925EE6A00B9FA5E /* EmojiArtUITests.swift */,
				3F6B26D12925EE6A00B9FA5E /* EmojiArtUITestsLaunchTests.swift */,
			);
			path = EmojiArtUITests;
			sourceTree = "<group>";
		};
/* End PBXGroup section */

/* Begin PBXNativeTarget section */
		3F6B26B02925EE6800B9FA5E /* EmojiArt */ = {
			isa = PBXNativeTarget;
			buildConfigurationList = 3F6B26D52925EE6A00B9FA5E /* Build configuration list for PBXNativeTarget "EmojiArt" */;
			buildPhases = (
				3F6B26AD2925EE6800B9FA5E /* Sources */,
				3F6B26AE2925EE6800B9FA5E /* Frameworks */,
				3F6B26AF2925EE6800B9FA5E /* Resources */,
			);
			buildRules = (
			);
			dependencies = (
			);
			name = EmojiArt;
			productName = EmojiArt;
			productReference = 3F6B26B12925EE6800B9FA5E /* EmojiArt.app */;
			productType = "com.apple.product-type.application";
		};
		3F6B26C02925EE6A00B9FA5E /* EmojiArtTests */ = {
			isa = PBXNativeTarget;
			buildConfigurationList = 3F6B26D82925EE6A00B9FA5E /* Build configuration list for PBXNativeTarget "EmojiArtTests" */;
			buildPhases = (
				3F6B26BD2925EE6A00B9FA5E /* Sources */,
				3F6B26BE2925EE6A00B9FA5E /* Frameworks */,
				3F6B26BF2925EE6A00B9FA5E /* Resources */,
			);
			buildRules = (
			);
			dependencies = (
				3F6B26C32925EE6A00B9FA5E /* PBXTargetDependency */,
			);
			name = EmojiArtTests;
			productName = EmojiArtTests;
			productReference = 3F6B26C12925EE6A00B9FA5E /* EmojiArtTests.xctest */;
			productType = "com.apple.product-type.bundle.unit-test";
		};
		3F6B26CA2925EE6A00B9FA5E /* EmojiArtUITests */ = {
			isa = PBXNativeTarget;
			buildConfigurationList = 3F6B26DB2925EE6A00B9FA5E /* Build configuration list for PBXNativeTarget "EmojiArtUITests" */;
			buildPhases = (
				3F6B26C72925EE6A00B9FA5E /* Sources */,
				3F6B26C82925EE6A00B9FA5E /* Frameworks */,
				3F6B26C92925EE6A00B9FA5E /* Resources */,
			);
			buildRules = (
			);
			dependencies = (
				3F6B26CD2925EE6A00B9FA5E /* PBXTargetDependency */,
			);
			name = EmojiArtUITests;
			productName = EmojiArtUITests;
			productReference = 3F6B26CB2925EE6A00B9FA5E /* EmojiArtUITests.xctest */;
			productType = "com.apple.product-type.bundle.ui-testing";
		};
/* End PBXNativeTarget section */

/* Begin PBXProject section */
		3F6B26A92925EE6800B9FA5E /* Project object */ = {
			isa = PBXProject;
			attributes = {
				BuildIndependentTargetsInParallel = 1;
				LastSwiftUpdateCheck = 1410;
				LastUpgradeCheck = 1410;
				TargetAttributes = {
					3F6B26B02925EE6800B9FA5E = {
						CreatedOnToolsVersion = 14.1;
					};
					3F6B26C02925EE6A00B9FA5E = {
						CreatedOnToolsVersion = 14.1;
						TestTargetID = 3F6B26B02925EE6800B9FA5E;
					};
					3F6B26CA2925EE6A00B9FA5E = {
						CreatedOnToolsVersion = 14.1;
						TestTargetID = 3F6B26B02925EE6800B9FA5E;
					};
				};
			};
			buildConfigurationList = 3F6B26AC2925EE6800B9FA5E /* Build configuration list for PBXProject "EmojiArt" */;
			compatibilityVersion = "Xcode 14.0";
			developmentRegion = en;
			hasScannedForEncodings = 0;
			knownRegions = (
				en,
				Base,
			);
			mainGroup = 3F6B26A82925EE6800B9FA5E;
			productRefGroup = 3F6B26B22925EE6800B9FA5E /* Products */;
			projectDirPath = "";
			projectRoot = "";
			targets = (
				3F6B26B02925EE6800B9FA5E /* EmojiArt */,
				3F6B26C02925EE6A00B9FA5E /* EmojiArtTests */,
				3F6B26CA2925EE6A00B9FA5E /* EmojiArtUITests */,
			);
		};
/* End PBXProject section */

/* Begin PBXResourcesBuildPhase section */
		3F6B26AF2925EE6800B9FA5E /* Resources */ = {
			isa = PBXResourcesBuildPhase;
			buildActionMask = 2147483647;
			files = (
				3F6B26BC2925EE6A00B9FA5E /* Preview Assets.xcassets in Resources */,
				3F6B26B92925EE6A00B9FA5E /* Assets.xcassets in Resources */,
			);
			runOnlyForDeploymentPostprocessing = 0;
		};
		3F6B26BF2925EE6A00B9FA5E /* Resources */ = {
			isa = PBXResourcesBuildPhase;
			buildActionMask = 2147483647;
			files = (
			);
			runOnlyForDeploymentPostprocessing = 0;
		};
		3F6B26C92925EE6A00B9FA5E /* Resources */ = {
			isa = PBXResourcesBuildPhase;
			buildActionMask = 2147483647;
			files = (
			);
			runOnlyForDeploymentPostprocessing = 0;
		};
/* End PBXResourcesBuildPhase section */

/* Begin PBXSourcesBuildPhase section */
		3F6B26AD2925EE6800B9FA5E /* Sources */ = {
			isa = PBXSourcesBuildPhase;
			buildActionMask = 2147483647;
			files = (
				3FDA27C2292B8C3000F28A4A /* ViewModel.swift in Sources */,
				3F6B26B72925EE6800B9FA5E /* ContentView.swift in Sources */,
				3F6B26B52925EE6800B9FA5E /* EmojiArtApp.swift in Sources */,
				3FDA27BE292B680500F28A4A /* Ex.swift in Sources */,
				3FDA27C0292B819A00F28A4A /* Model.swift in Sources */,
			);
			runOnlyForDeploymentPostprocessing = 0;
		};
		3F6B26BD2925EE6A00B9FA5E /* Sources */ = {
			isa = PBXSourcesBuildPhase;
			buildActionMask = 2147483647;
			files = (
				3F6B26C62925EE6A00B9FA5E /* EmojiArtTests.swift in Sources */,
			);
			runOnlyForDeploymentPostprocessing = 0;
		};
		3F6B26C72925EE6A00B9FA5E /* Sources */ = {
			isa = PBXSourcesBuildPhase;
			buildActionMask = 2147483647;
			files = (
				3F6B26D22925EE6A00B9FA5E /* EmojiArtUITestsLaunchTests.swift in Sources */,
				3F6B26D02925EE6A00B9FA5E /* EmojiArtUITests.swift in Sources */,
			);
			runOnlyForDeploymentPostprocessing = 0;
		};
/* End PBXSourcesBuildPhase section */

/* Begin PBXTargetDependency section */
		3F6B26C32925EE6A00B9FA5E /* PBXTargetDependency */ = {
			isa = PBXTargetDependency;
			target = 3F6B26B02925EE6800B9FA5E /* EmojiArt */;
			targetProxy = 3F6B26C22925EE6A00B9FA5E /* PBXContainerItemProxy */;
		};
		3F6B26CD2925EE6A00B9FA5E /* PBXTargetDependency */ = {
			isa = PBXTargetDependency;
			target = 3F6B26B02925EE6800B9FA5E /* EmojiArt */;
			targetProxy = 3F6B26CC2925EE6A00B9FA5E /* PBXContainerItemProxy */;
		};
/* End PBXTargetDependency section */

/* Begin XCBuildConfiguration section */
		3F6B26D32925EE6A00B9FA5E /* Debug */ = {
			isa = XCBuildConfiguration;
			buildSettings = {
				ALWAYS_SEARCH_USER_PATHS = NO;
				CLANG_ANALYZER_NONNULL = YES;
				CLANG_ANALYZER_NUMBER_OBJECT_CONVERSION = YES_AGGRESSIVE;
				CLANG_CXX_LANGUAGE_STANDARD = "gnu++20";
				CLANG_ENABLE_MODULES = YES;
				CLANG_ENABLE_OBJC_ARC = YES;
				CLANG_ENABLE_OBJC_WEAK = YES;
				CLANG_WARN_BLOCK_CAPTURE_AUTORELEASING = YES;
				CLANG_WARN_BOOL_CONVERSION = YES;
				CLANG_WARN_COMMA = YES;
				CLANG_WARN_CONSTANT_CONVERSION = YES;
				CLANG_WARN_DEPRECATED_OBJC_IMPLEMENTATIONS = YES;
				CLANG_WARN_DIRECT_OBJC_ISA_USAGE = YES_ERROR;
				CLANG_WARN_DOCUMENTATION_COMMENTS = YES;
				CLANG_WARN_EMPTY_BODY = YES;
				CLANG_WARN_ENUM_CONVERSION = YES;
				CLANG_WARN_INFINITE_RECURSION = YES;
				CLANG_WARN_INT_CONVERSION = YES;
				CLANG_WARN_NON_LITERAL_NULL_CONVERSION = YES;
				CLANG_WARN_OBJC_IMPLICIT_RETAIN_SELF = YES;
				CLANG_WARN_OBJC_LITERAL_CONVERSION = YES;
				CLANG_WARN_OBJC_ROOT_CLASS = YES_ERROR;
				CLANG_WARN_QUOTED_INCLUDE_IN_FRAMEWORK_HEADER = YES;
				CLANG_WARN_RANGE_LOOP_ANALYSIS = YES;
				CLANG_WARN_STRICT_PROTOTYPES = YES;
				CLANG_WARN_SUSPICIOUS_MOVE = YES;
				CLANG_WARN_UNGUARDED_AVAILABILITY = YES_AGGRESSIVE;
				CLANG_WARN_UNREACHABLE_CODE = YES;
				CLANG_WARN__DUPLICATE_METHOD_MATCH = YES;
				COPY_PHASE_STRIP = NO;
				DEBUG_INFORMATION_FORMAT = dwarf;
				ENABLE_STRICT_OBJC_MSGSEND = YES;
				ENABLE_TESTABILITY = YES;
				GCC_C_LANGUAGE_STANDARD = gnu11;
				GCC_DYNAMIC_NO_PIC = NO;
				GCC_NO_COMMON_BLOCKS = YES;
				GCC_OPTIMIZATION_LEVEL = 0;
				GCC_PREPROCESSOR_DEFINITIONS = (
					"DEBUG=1",
					"$(inherited)",
				);
				GCC_WARN_64_TO_32_BIT_CONVERSION = YES;
				GCC_WARN_ABOUT_RETURN_TYPE = YES_ERROR;
				GCC_WARN_UNDECLARED_SELECTOR = YES;
				GCC_WARN_UNINITIALIZED_AUTOS = YES_AGGRESSIVE;
				GCC_WARN_UNUSED_FUNCTION = YES;
				GCC_WARN_UNUSED_VARIABLE = YES;
				IPHONEOS_DEPLOYMENT_TARGET = 15.0;
				MTL_ENABLE_DEBUG_INFO = INCLUDE_SOURCE;
				MTL_FAST_MATH = YES;
				ONLY_ACTIVE_ARCH = YES;
				SDKROOT = iphoneos;
				SWIFT_ACTIVE_COMPILATION_CONDITIONS = DEBUG;
				SWIFT_OPTIMIZATION_LEVEL = "-Onone";
			};
			name = Debug;
		};
		3F6B26D42925EE6A00B9FA5E /* Release */ = {
			isa = XCBuildConfiguration;
			buildSettings = {
				ALWAYS_SEARCH_USER_PATHS = NO;
				CLANG_ANALYZER_NONNULL = YES;
				CLANG_ANALYZER_NUMBER_OBJECT_CONVERSION = YES_AGGRESSIVE;
				CLANG_CXX_LANGUAGE_STANDARD = "gnu++20";
				CLANG_ENABLE_MODULES = YES;
				CLANG_ENABLE_OBJC_ARC = YES;
				CLANG_ENABLE_OBJC_WEAK = YES;
				CLANG_WARN_BLOCK_CAPTURE_AUTORELEASING = YES;
				CLANG_WARN_BOOL_CONVERSION = YES;
				CLANG_WARN_COMMA = YES;
				CLANG_WARN_CONSTANT_CONVERSION = YES;
				CLANG_WARN_DEPRECATED_OBJC_IMPLEMENTATIONS = YES;
				CLANG_WARN_DIRECT_OBJC_ISA_USAGE = YES_ERROR;
				CLANG_WARN_DOCUMENTATION_COMMENTS = YES;
				CLANG_WARN_EMPTY_BODY = YES;
				CLANG_WARN_ENUM_CONVERSION = YES;
				CLANG_WARN_INFINITE_RECURSION = YES;
				CLANG_WARN_INT_CONVERSION = YES;
				CLANG_WARN_NON_LITERAL_NULL_CONVERSION = YES;
				CLANG_WARN_OBJC_IMPLICIT_RETAIN_SELF = YES;
				CLANG_WARN_OBJC_LITERAL_CONVERSION = YES;
				CLANG_WARN_OBJC_ROOT_CLASS = YES_ERROR;
				CLANG_WARN_QUOTED_INCLUDE_IN_FRAMEWORK_HEADER = YES;
				CLANG_WARN_RANGE_LOOP_ANALYSIS = YES;
				CLANG_WARN_STRICT_PROTOTYPES = YES;
				CLANG_WARN_SUSPICIOUS_MOVE = YES;
				CLANG_WARN_UNGUARDED_AVAILABILITY = YES_AGGRESSIVE;
				CLANG_WARN_UNREACHABLE_CODE = YES;
				CLANG_WARN__DUPLICATE_METHOD_MATCH = YES;
				COPY_PHASE_STRIP = NO;
				DEBUG_INFORMATION_FORMAT = "dwarf-with-dsym";
				ENABLE_NS_ASSERTIONS = NO;
				ENABLE_STRICT_OBJC_MSGSEND = YES;
				GCC_C_LANGUAGE_STANDARD = gnu11;
				GCC_NO_COMMON_BLOCKS = YES;
				GCC_WARN_64_TO_32_BIT_CONVERSION = YES;
				GCC_WARN_ABOUT_RETURN_TYPE = YES_ERROR;
				GCC_WARN_UNDECLARED_SELECTOR = YES;
				GCC_WARN_UNINITIALIZED_AUTOS = YES_AGGRESSIVE;
				GCC_WARN_UNUSED_FUNCTION = YES;
				GCC_WARN_UNUSED_VARIABLE = YES;
				IPHONEOS_DEPLOYMENT_TARGET = 15.0;
				MTL_ENABLE_DEBUG_INFO = NO;
				MTL_FAST_MATH = YES;
				SDKROOT = iphoneos;
				SWIFT_COMPILATION_MODE = wholemodule;
				SWIFT_OPTIMIZATION_LEVEL = "-O";
				VALIDATE_PRODUCT = YES;
			};
			name = Release;
		};
		3F6B26D62925EE6A00B9FA5E /* Debug */ = {
			isa = XCBuildConfiguration;
			buildSettings = {
				ASSETCATALOG_COMPILER_APPICON_NAME = AppIcon;
				ASSETCATALOG_COMPILER_GLOBAL_ACCENT_COLOR_NAME = AccentColor;
				CODE_SIGN_STYLE = Automatic;
				CURRENT_PROJECT_VERSION = 1;
				DEVELOPMENT_ASSET_PATHS = "\"EmojiArt/Preview Content\"";
				DEVELOPMENT_TEAM = N22PJBS26Y;
				ENABLE_PREVIEWS = YES;
				GENERATE_INFOPLIST_FILE = YES;
				INFOPLIST_KEY_UIApplicationSceneManifest_Generation = YES;
				INFOPLIST_KEY_UIApplicationSupportsIndirectInputEvents = YES;
				INFOPLIST_KEY_UILaunchScreen_Generation = YES;
				INFOPLIST_KEY_UISupportedInterfaceOrientations_iPad = "UIInterfaceOrientationPortrait UIInterfaceOrientationPortraitUpsideDown UIInterfaceOrientationLandscapeLeft UIInterfaceOrientationLandscapeRight";
				INFOPLIST_KEY_UISupportedInterfaceOrientations_iPhone = "UIInterfaceOrientationPortrait UIInterfaceOrientationLandscapeLeft UIInterfaceOrientationLandscapeRight";
				LD_RUNPATH_SEARCH_PATHS = (
					"$(inherited)",
					"@executable_path/Frameworks",
				);
				MARKETING_VERSION = 1.0;
				PRODUCT_BUNDLE_IDENTIFIER = dev.guyanhua.EmojiArt;
				PRODUCT_NAME = "$(TARGET_NAME)";
				SWIFT_EMIT_LOC_STRINGS = YES;
				SWIFT_VERSION = 5.0;
				TARGETED_DEVICE_FAMILY = "1,2";
			};
			name = Debug;
		};
		3F6B26D72925EE6A00B9FA5E /* Release */ = {
			isa = XCBuildConfiguration;
			buildSettings = {
				ASSETCATALOG_COMPILER_APPICON_NAME = AppIcon;
				ASSETCATALOG_COMPILER_GLOBAL_ACCENT_COLOR_NAME = AccentColor;
				CODE_SIGN_STYLE = Automatic;
				CURRENT_PROJECT_VERSION = 1;
				DEVELOPMENT_ASSET_PATHS = "\"EmojiArt/Preview Content\"";
				DEVELOPMENT_TEAM = N22PJBS26Y;
				ENABLE_PREVIEWS = YES;
				GENERATE_INFOPLIST_FILE = YES;
				INFOPLIST_KEY_UIApplicationSceneManifest_Generation = YES;
				INFOPLIST_KEY_UIApplicationSupportsIndirectInputEvents = YES;
				INFOPLIST_KEY_UILaunchScreen_Generation = YES;
				INFOPLIST_KEY_UISupportedInterfaceOrientations_iPad = "UIInterfaceOrientationPortrait UIInterfaceOrientationPortraitUpsideDown UIInterfaceOrientationLandscapeLeft UIInterfaceOrientationLandscapeRight";
				INFOPLIST_KEY_UISupportedInterfaceOrientations_iPhone = "UIInterfaceOrientationPortrait UIInterfaceOrientationLandscapeLeft UIInterfaceOrientationLandscapeRight";
				LD_RUNPATH_SEARCH_PATHS = (
					"$(inherited)",
					"@executable_path/Frameworks",
				);
				MARKETING_VERSION = 1.0;
				PRODUCT_BUNDLE_IDENTIFIER = dev.guyanhua.EmojiArt;
				PRODUCT_NAME = "$(TARGET_NAME)";
				SWIFT_EMIT_LOC_STRINGS = YES;
				SWIFT_VERSION = 5.0;
				TARGETED_DEVICE_FAMILY = "1,2";
			};
			name = Release;
		};
		3F6B26D92925EE6A00B9FA5E /* Debug */ = {
			isa = XCBuildConfiguration;
			buildSettings = {
				ALWAYS_EMBED_SWIFT_STANDARD_LIBRARIES = YES;
				BUNDLE_LOADER = "$(TEST_HOST)";
				CODE_SIGN_STYLE = Automatic;
				CURRENT_PROJECT_VERSION = 1;
				DEVELOPMENT_TEAM = N22PJBS26Y;
				GENERATE_INFOPLIST_FILE = YES;
				IPHONEOS_DEPLOYMENT_TARGET = 16.1;
				MARKETING_VERSION = 1.0;
				PRODUCT_BUNDLE_IDENTIFIER = dev.guyanhua.EmojiArtTests;
				PRODUCT_NAME = "$(TARGET_NAME)";
				SWIFT_EMIT_LOC_STRINGS = NO;
				SWIFT_VERSION = 5.0;
				TARGETED_DEVICE_FAMILY = "1,2";
				TEST_HOST = "$(BUILT_PRODUCTS_DIR)/EmojiArt.app/$(BUNDLE_EXECUTABLE_FOLDER_PATH)/EmojiArt";
			};
			name = Debug;
		};
		3F6B26DA2925EE6A00B9FA5E /* Release */ = {
			isa = XCBuildConfiguration;
			buildSettings = {
				ALWAYS_EMBED_SWIFT_STANDARD_LIBRARIES = YES;
				BUNDLE_LOADER = "$(TEST_HOST)";
				CODE_SIGN_STYLE = Automatic;
				CURRENT_PROJECT_VERSION = 1;
				DEVELOPMENT_TEAM = N22PJBS26Y;
				GENERATE_INFOPLIST_FILE = YES;
				IPHONEOS_DEPLOYMENT_TARGET = 16.1;
				MARKETING_VERSION = 1.0;
				PRODUCT_BUNDLE_IDENTIFIER = dev.guyanhua.EmojiArtTests;
				PRODUCT_NAME = "$(TARGET_NAME)";
				SWIFT_EMIT_LOC_STRINGS = NO;
				SWIFT_VERSION = 5.0;
				TARGETED_DEVICE_FAMILY = "1,2";
				TEST_HOST = "$(BUILT_PRODUCTS_DIR)/EmojiArt.app/$(BUNDLE_EXECUTABLE_FOLDER_PATH)/EmojiArt";
			};
			name = Release;
		};
		3F6B26DC2925EE6A00B9FA5E /* Debug */ = {
			isa = XCBuildConfiguration;
			buildSettings = {
				ALWAYS_EMBED_SWIFT_STANDARD_LIBRARIES = YES;
				CODE_SIGN_STYLE = Automatic;
				CURRENT_PROJECT_VERSION = 1;
				DEVELOPMENT_TEAM = N22PJBS26Y;
				GENERATE_INFOPLIST_FILE = YES;
				MARKETING_VERSION = 1.0;
				PRODUCT_BUNDLE_IDENTIFIER = dev.guyanhua.EmojiArtUITests;
				PRODUCT_NAME = "$(TARGET_NAME)";
				SWIFT_EMIT_LOC_STRINGS = NO;
				SWIFT_VERSION = 5.0;
				TARGETED_DEVICE_FAMILY = "1,2";
				TEST_TARGET_NAME = EmojiArt;
			};
			name = Debug;
		};
		3F6B26DD2925EE6A00B9FA5E /* Release */ = {
			isa = XCBuildConfiguration;
			buildSettings = {
				ALWAYS_EMBED_SWIFT_STANDARD_LIBRARIES = YES;
				CODE_SIGN_STYLE = Automatic;
				CURRENT_PROJECT_VERSION = 1;
				DEVELOPMENT_TEAM = N22PJBS26Y;
				GENERATE_INFOPLIST_FILE = YES;
				MARKETING_VERSION = 1.0;
				PRODUCT_BUNDLE_IDENTIFIER = dev.guyanhua.EmojiArtUITests;
				PRODUCT_NAME = "$(TARGET_NAME)";
				SWIFT_EMIT_LOC_STRINGS = NO;
				SWIFT_VERSION = 5.0;
				TARGETED_DEVICE_FAMILY = "1,2";
				TEST_TARGET_NAME = EmojiArt;
			};
			name = Release;
		};
/* End XCBuildConfiguration section */

/* Begin XCConfigurationList section */
		3F6B26AC2925EE6800B9FA5E /* Build configuration list for PBXProject "EmojiArt" */ = {
			isa = XCConfigurationList;
			buildConfigurations = (
				3F6B26D32925EE6A00B9FA5E /* Debug */,
				3F6B26D42925EE6A00B9FA5E /* Release */,
			);
			defaultConfigurationIsVisible = 0;
			defaultConfigurationName = Release;
		};
		3F6B26D52925EE6A00B9FA5E /* Build configuration list for PBXNativeTarget "EmojiArt" */ = {
			isa = XCConfigurationList;
			buildConfigurations = (
				3F6B26D62925EE6A00B9FA5E /* Debug */,
				3F6B26D72925EE6A00B9FA5E /* Release */,
			);
			defaultConfigurationIsVisible = 0;
			defaultConfigurationName = Release;
		};
		3F6B26D82925EE6A00B9FA5E /* Build configuration list for PBXNativeTarget "EmojiArtTests" */ = {
			isa = XCConfigurationList;
			buildConfigurations = (
				3F6B26D92925EE6A00B9FA5E /* Debug */,
				3F6B26DA2925EE6A00B9FA5E /* Release */,
			);
			defaultConfigurationIsVisible = 0;
			defaultConfigurationName = Release;
		};
		3F6B26DB2925EE6A00B9FA5E /* Build configuration list for PBXNativeTarget "EmojiArtUITests" */ = {
			isa = XCConfigurationList;
			buildConfigurations = (
				3F6B26DC2925EE6A00B9FA5E /* Debug */,
				3F6B26DD2925EE6A00B9FA5E /* Release */,
			);
			defaultConfigurationIsVisible = 0;
			defaultConfigurationName = Release;
		};
/* End XCConfigurationList section */
	};
	rootObject = 3F6B26A92925EE6800B9FA5E /* Project object */;
}
